
Microsoft Visual Studio Solution File, Format Version 12.00
Project("{FAE04EC0-301F-11D3-BF4B-00C04F79EFBC}") = "Lab14_wkana", "Lab14_wkana\Lab14_wkana.csproj", "{B4D9A59F-13CA-4887-A636-463EEDC63F7A}"
EndProject
Global
	GlobalSection(SolutionConfigurationPlatforms) = preSolution
		Debug|Any CPU = Debug|Any CPU
		Release|Any CPU = Release|Any CPU
	EndGlobalSection
	GlobalSection(ProjectConfigurationPlatforms) = postSolution
		{B4D9A59F-13CA-4887-A636-463EEDC63F7A}.Debug|Any CPU.ActiveCfg = Debug|Any CPU
		{B4D9A59F-13CA-4887-A636-463EEDC63F7A}.Debug|Any CPU.Build.0 = Debug|Any CPU
		{B4D9A59F-13CA-4887-A636-463EEDC63F7A}.Release|Any CPU.ActiveCfg = Release|Any CPU
		{B4D9A59F-13CA-4887-A636-463EEDC63F7A}.Release|Any CPU.Build.0 = Release|Any CPU
	EndGlobalSection
EndGlobal
